PODS:
  - Alamofire (4.0.1)
  - AlamofireUIManager (0.1.2):
    - Alamofire (~> 4)
    - SwiftyJSON (~> 3)
  - SwiftyJSON (3.1.1)

DEPENDENCIES:
  - AlamofireUIManager (from `../`)

EXTERNAL SOURCES:
  AlamofireUIManager:
    :path: ../

SPEC CHECKSUMS:
  Alamofire: 7682d43245de14874acd142ec137b144aa1dd335
  AlamofireUIManager: 4f6e3c76f98232e7d529429ee4998b2ccc6a131b
  SwiftyJSON: f0be2e604f83e8405a624e9f891898bf6ed4e019

PODFILE CHECKSUM: 75dcdeb51ac8acb35bea76444010b08f4a3b08e0

COCOAPODS: 1.1.1
